
Microsoft Visual Studio Solution File, Format Version 12.00
# Visual Studio Version 16
VisualStudioVersion = 16.0.30907.101
MinimumVisualStudioVersion = 10.0.40219.1
Project("{FAE04EC0-301F-11D3-BF4B-00C04F79EFBC}") = "FactoryProject", "WebApplication1\FactoryProject.csproj", "{2C0794C0-FF0F-451D-AFE4-B49367967472}"
EndProject
Global
	GlobalSection(SolutionConfigurationPlatforms) = preSolution
		Debug|Any CPU = Debug|Any CPU
		Release|Any CPU = Release|Any CPU
	EndGlobalSection
	GlobalSection(ProjectConfigurationPlatforms) = postSolution
		{2C0794C0-FF0F-451D-AFE4-B49367967472}.Debug|Any CPU.ActiveCfg = Debug|Any CPU
		{2C0794C0-FF0F-451D-AFE4-B49367967472}.Debug|Any CPU.Build.0 = Debug|Any CPU
		{2C0794C0-FF0F-451D-AFE4-B49367967472}.Release|Any CPU.ActiveCfg = Release|Any CPU
		{2C0794C0-FF0F-451D-AFE4-B49367967472}.Release|Any CPU.Build.0 = Release|Any CPU
	EndGlobalSection
	GlobalSection(SolutionProperties) = preSolution
		HideSolutionNode = FALSE
	EndGlobalSection
	GlobalSection(ExtensibilityGlobals) = postSolution
		SolutionGuid = {CF279877-51B9-4EE8-BCFB-587BA37D43B8}
	EndGlobalSection
EndGlobal
